// !$*UTF8*$!
{
	archiveVersion = 1;
	classes = {
	};
	objectVersion = 48;
	objects = {

/* Begin PBXBuildFile section */
		4CB9528005E5C62396EB6F6D /* Pods_HLPhotosManager.framework in Frameworks */ = {isa = PBXBuildFile; fileRef = 91EBB7EDDA294223153D4FD6 /* Pods_HLPhotosManager.framework */; };
		F2111B73205FFDE30032E6E7 /* AppDelegate.swift in Sources */ = {isa = PBXBuildFile; fileRef = F2111B72205FFDE30032E6E7 /* AppDelegate.swift */; };
		F2111B75205FFDE30032E6E7 /* ViewController.swift in Sources */ = {isa = PBXBuildFile; fileRef = F2111B74205FFDE30032E6E7 /* ViewController.swift */; };
		F2111B78205FFDE30032E6E7 /* Main.storyboard in Resources */ = {isa = PBXBuildFile; fileRef = F2111B76205FFDE30032E6E7 /* Main.storyboard */; };
		F2111B7A205FFDE30032E6E7 /* Assets.xcassets in Resources */ = {isa = PBXBuildFile; fileRef = F2111B79205FFDE30032E6E7 /* Assets.xcassets */; };
		F2111B7D205FFDE30032E6E7 /* LaunchScreen.storyboard in Resources */ = {isa = PBXBuildFile; fileRef = F2111B7B205FFDE30032E6E7 /* LaunchScreen.storyboard */; };
		F2111B88205FFDE30032E6E7 /* HLPhotosManagerTests.swift in Sources */ = {isa = PBXBuildFile; fileRef = F2111B87205FFDE30032E6E7 /* HLPhotosManagerTests.swift */; };
/* End PBXBuildFile section */

/* Begin PBXContainerItemProxy section */
		F2111B84205FFDE30032E6E7 /* PBXContainerItemProxy */ = {
			isa = PBXContainerItemProxy;
			containerPortal = F2111B67205FFDE30032E6E7 /* Project object */;
			proxyType = 1;
			remoteGlobalIDString = F2111B6E205FFDE30032E6E7;
			remoteInfo = HLPhotosManager;
		};
/* End PBXContainerItemProxy section */

/* Begin PBXFileReference section */
		1F31AA2058148EA24B051EDC /* Pods-HLPhotosManager.release.xcconfig */ = {isa = PBXFileReference; includeInIndex = 1; lastKnownFileType = text.xcconfig; name = "Pods-HLPhotosManager.release.xcconfig"; path = "Pods/Target Support Files/Pods-HLPhotosManager/Pods-HLPhotosManager.release.xcconfig"; sourceTree = "<group>"; };
		91EBB7EDDA294223153D4FD6 /* Pods_HLPhotosManager.framework */ = {isa = PBXFileReference; explicitFileType = wrapper.framework; includeInIndex = 0; path = Pods_HLPhotosManager.framework; sourceTree = BUILT_PRODUCTS_DIR; };
		CC52D1A8C774ADCA02FFEF12 /* Pods-HLPhotosManager.debug.xcconfig */ = {isa = PBXFileReference; includeInIndex = 1; lastKnownFileType = text.xcconfig; name = "Pods-HLPhotosManager.debug.xcconfig"; path = "Pods/Target Support Files/Pods-HLPhotosManager/Pods-HLPhotosManager.debug.xcconfig"; sourceTree = "<group>"; };
		F2111B6F205FFDE30032E6E7 /* HLPhotosManager.app */ = {isa = PBXFileReference; explicitFileType = wrapper.application; includeInIndex = 0; path = HLPhotosManager.app; sourceTree = BUILT_PRODUCTS_DIR; };
		F2111B72205FFDE30032E6E7 /* AppDelegate.swift */ = {isa = PBXFileReference; lastKnownFileType = sourcecode.swift; path = AppDelegate.swift; sourceTree = "<group>"; };
		F2111B74205FFDE30032E6E7 /* ViewController.swift */ = {isa = PBXFileReference; lastKnownFileType = sourcecode.swift; path = ViewController.swift; sourceTree = "<group>"; };
		F2111B77205FFDE30032E6E7 /* Base */ = {isa = PBXFileReference; lastKnownFileType = file.storyboard; name = Base; path = Base.lproj/Main.storyboard; sourceTree = "<group>"; };
		F2111B79205FFDE30032E6E7 /* Assets.xcassets */ = {isa = PBXFileReference; lastKnownFileType = folder.assetcatalog; path = Assets.xcassets; sourceTree = "<group>"; };
		F2111B7C205FFDE30032E6E7 /* Base */ = {isa = PBXFileReference; lastKnownFileType = file.storyboard; name = Base; path = Base.lproj/LaunchScreen.storyboard; sourceTree = "<group>"; };
		F2111B7E205FFDE30032E6E7 /* Info.plist */ = {isa = PBXFileReference; lastKnownFileType = text.plist.xml; path = Info.plist; sourceTree = "<group>"; };
		F2111B83205FFDE30032E6E7 /* HLPhotosManagerTests.xctest */ = {isa = PBXFileReference; explicitFileType = wrapper.cfbundle; includeInIndex = 0; path = HLPhotosManagerTests.xctest; sourceTree = BUILT_PRODUCTS_DIR; };
		F2111B87205FFDE30032E6E7 /* HLPhotosManagerTests.swift */ = {isa = PBXFileReference; lastKnownFileType = sourcecode.swift; path = HLPhotosManagerTests.swift; sourceTree = "<group>"; };
		F2111B89205FFDE30032E6E7 /* Info.plist */ = {isa = PBXFileReference; lastKnownFileType = text.plist.xml; path = Info.plist; sourceTree = "<group>"; };
/* End PBXFileReference section */

/* Begin PBXFrameworksBuildPhase section */
		F2111B6C205FFDE30032E6E7 /* Frameworks */ = {
			isa = PBXFrameworksBuildPhase;
			buildActionMask = 2147483647;
			files = (
				4CB9528005E5C62396EB6F6D /* Pods_HLPhotosManager.framework in Frameworks */,
			);
			runOnlyForDeploymentPostprocessing = 0;
		};
		F2111B80205FFDE30032E6E7 /* Frameworks */ = {
			isa = PBXFrameworksBuildPhase;
			buildActionMask = 2147483647;
			files = (
			);
			runOnlyForDeploymentPostprocessing = 0;
		};
/* End PBXFrameworksBuildPhase section */

/* Begin PBXGroup section */
		671A895B343997B52BDFAFDA /* Frameworks */ = {
			isa = PBXGroup;
			children = (
				91EBB7EDDA294223153D4FD6 /* Pods_HLPhotosManager.framework */,
			);
			name = Frameworks;
			sourceTree = "<group>";
		};
		74379B73DE1BF257E912EF2A /* Pods */ = {
			isa = PBXGroup;
			children = (
				CC52D1A8C774ADCA02FFEF12 /* Pods-HLPhotosManager.debug.xcconfig */,
				1F31AA2058148EA24B051EDC /* Pods-HLPhotosManager.release.xcconfig */,
			);
			name = Pods;
			sourceTree = "<group>";
		};
		F2111B66205FFDE30032E6E7 = {
			isa = PBXGroup;
			children = (
				F2111B71205FFDE30032E6E7 /* HLPhotosManager */,
				F2111B86205FFDE30032E6E7 /* HLPhotosManagerTests */,
				F2111B70205FFDE30032E6E7 /* Products */,
				74379B73DE1BF257E912EF2A /* Pods */,
				671A895B343997B52BDFAFDA /* Frameworks */,
			);
			sourceTree = "<group>";
		};
		F2111B70205FFDE30032E6E7 /* Products */ = {
			isa = PBXGroup;
			children = (
				F2111B6F205FFDE30032E6E7 /* HLPhotosManager.app */,
				F2111B83205FFDE30032E6E7 /* HLPhotosManagerTests.xctest */,
			);
			name = Products;
			sourceTree = "<group>";
		};
		F2111B71205FFDE30032E6E7 /* HLPhotosManager */ = {
			isa = PBXGroup;
			children = (
				F2111B72205FFDE30032E6E7 /* AppDelegate.swift */,
				F2111B74205FFDE30032E6E7 /* ViewController.swift */,
				F2111B76205FFDE30032E6E7 /* Main.storyboard */,
				F2111B79205FFDE30032E6E7 /* Assets.xcassets */,
				F2111B7B205FFDE30032E6E7 /* LaunchScreen.storyboard */,
				F2111B7E205FFDE30032E6E7 /* Info.plist */,
			);
			path = HLPhotosManager;
			sourceTree = "<group>";
		};
		F2111B86205FFDE30032E6E7 /* HLPhotosManagerTests */ = {
			isa = PBXGroup;
			children = (
				F2111B87205FFDE30032E6E7 /* HLPhotosManagerTests.swift */,
				F2111B89205FFDE30032E6E7 /* Info.plist */,
			);
			path = HLPhotosManagerTests;
			sourceTree = "<group>";
		};
/* End PBXGroup section */

/* Begin PBXNativeTarget section */
		F2111B6E205FFDE30032E6E7 /* HLPhotosManager */ = {
			isa = PBXNativeTarget;
			buildConfigurationList = F2111B8C205FFDE30032E6E7 /* Build configuration list for PBXNativeTarget "HLPhotosManager" */;
			buildPhases = (
				AF239B8C796321B7087D21BB /* [CP] Check Pods Manifest.lock */,
				F2111B6B205FFDE30032E6E7 /* Sources */,
				F2111B6C205FFDE30032E6E7 /* Frameworks */,
				F2111B6D205FFDE30032E6E7 /* Resources */,
				73AC8D5F1BD5B18D9898BCEB /* [CP] Embed Pods Frameworks */,
				CF14AC55269BC8CAC9997F4B /* [CP] Copy Pods Resources */,
			);
			buildRules = (
			);
			dependencies = (
			);
			name = HLPhotosManager;
			productName = HLPhotosManager;
			productReference = F2111B6F205FFDE30032E6E7 /* HLPhotosManager.app */;
			productType = "com.apple.product-type.application";
		};
		F2111B82205FFDE30032E6E7 /* HLPhotosManagerTests */ = {
			isa = PBXNativeTarget;
			buildConfigurationList = F2111B8F205FFDE30032E6E7 /* Build configuration list for PBXNativeTarget "HLPhotosManagerTests" */;
			buildPhases = (
				F2111B7F205FFDE30032E6E7 /* Sources */,
				F2111B80205FFDE30032E6E7 /* Frameworks */,
				F2111B81205FFDE30032E6E7 /* Resources */,
			);
			buildRules = (
			);
			dependencies = (
				F2111B85205FFDE30032E6E7 /* PBXTargetDependency */,
			);
			name = HLPhotosManagerTests;
			productName = HLPhotosManagerTests;
			productReference = F2111B83205FFDE30032E6E7 /* HLPhotosManagerTests.xctest */;
			productType = "com.apple.product-type.bundle.unit-test";
		};
/* End PBXNativeTarget section */

/* Begin PBXProject section */
		F2111B67205FFDE30032E6E7 /* Project object */ = {
			isa = PBXProject;
			attributes = {
				LastSwiftUpdateCheck = 0920;
				LastUpgradeCheck = 0920;
				ORGANIZATIONNAME = lhl;
				TargetAttributes = {
					F2111B6E205FFDE30032E6E7 = {
						CreatedOnToolsVersion = 9.2;
						ProvisioningStyle = Automatic;
					};
					F2111B82205FFDE30032E6E7 = {
						CreatedOnToolsVersion = 9.2;
						ProvisioningStyle = Automatic;
						TestTargetID = F2111B6E205FFDE30032E6E7;
					};
				};
			};
			buildConfigurationList = F2111B6A205FFDE30032E6E7 /* Build configuration list for PBXProject "HLPhotosManager" */;
			compatibilityVersion = "Xcode 8.0";
			developmentRegion = en;
			hasScannedForEncodings = 0;
			knownRegions = (
				en,
				Base,
			);
			mainGroup = F2111B66205FFDE30032E6E7;
			productRefGroup = F2111B70205FFDE30032E6E7 /* Products */;
			projectDirPath = "";
			projectRoot = "";
			targets = (
				F2111B6E205FFDE30032E6E7 /* HLPhotosManager */,
				F2111B82205FFDE30032E6E7 /* HLPhotosManagerTests */,
			);
		};
/* End PBXProject section */

/* Begin PBXResourcesBuildPhase section */
		F2111B6D205FFDE30032E6E7 /* Resources */ = {
			isa = PBXResourcesBuildPhase;
			buildActionMask = 2147483647;
			files = (
				F2111B7D205FFDE30032E6E7 /* LaunchScreen.storyboard in Resources */,
				F2111B7A205FFDE30032E6E7 /* Assets.xcassets in Resources */,
				F2111B78205FFDE30032E6E7 /* Main.storyboard in Resources */,
			);
			runOnlyForDeploymentPostprocessing = 0;
		};
		F2111B81205FFDE30032E6E7 /* Resources */ = {
			isa = PBXResourcesBuildPhase;
			buildActionMask = 2147483647;
			files = (
			);
			runOnlyForDeploymentPostprocessing = 0;
		};
/* End PBXResourcesBuildPhase section */

/* Begin PBXShellScriptBuildPhase section */
		73AC8D5F1BD5B18D9898BCEB /* [CP] Embed Pods Frameworks */ = {
			isa = PBXShellScriptBuildPhase;
			buildActionMask = 2147483647;
			files = (
			);
			inputPaths = (
			);
			name = "[CP] Embed Pods Frameworks";
			outputPaths = (
			);
			runOnlyForDeploymentPostprocessing = 0;
			shellPath = /bin/sh;
			shellScript = "\"${SRCROOT}/Pods/Target Support Files/Pods-HLPhotosManager/Pods-HLPhotosManager-frameworks.sh\"\n";
			showEnvVarsInLog = 0;
		};
		AF239B8C796321B7087D21BB /* [CP] Check Pods Manifest.lock */ = {
			isa = PBXShellScriptBuildPhase;
			buildActionMask = 2147483647;
			files = (
			);
			inputPaths = (
			);
			name = "[CP] Check Pods Manifest.lock";
			outputPaths = (
			);
			runOnlyForDeploymentPostprocessing = 0;
			shellPath = /bin/sh;
			shellScript = "diff \"${PODS_ROOT}/../Podfile.lock\" \"${PODS_ROOT}/Manifest.lock\" > /dev/null\nif [ $? != 0 ] ; then\n    # print error to STDERR\n    echo \"error: The sandbox is not in sync with the Podfile.lock. Run 'pod install' or update your CocoaPods installation.\" >&2\n    exit 1\nfi\n";
			showEnvVarsInLog = 0;
		};
		CF14AC55269BC8CAC9997F4B /* [CP] Copy Pods Resources */ = {
			isa = PBXShellScriptBuildPhase;
			buildActionMask = 2147483647;
			files = (
			);
			inputPaths = (
			);
			name = "[CP] Copy Pods Resources";
			outputPaths = (
			);
			runOnlyForDeploymentPostprocessing = 0;
			shellPath = /bin/sh;
			shellScript = "\"${SRCROOT}/Pods/Target Support Files/Pods-HLPhotosManager/Pods-HLPhotosManager-resources.sh\"\n";
			showEnvVarsInLog = 0;
		};
/* End PBXShellScriptBuildPhase section */

/* Begin PBXSourcesBuildPhase section */
		F2111B6B205FFDE30032E6E7 /* Sources */ = {
			isa = PBXSourcesBuildPhase;
			buildActionMask = 2147483647;
			files = (
				F2111B75205FFDE30032E6E7 /* ViewController.swift in Sources */,
				F2111B73205FFDE30032E6E7 /* AppDelegate.swift in Sources */,
			);
			runOnlyForDeploymentPostprocessing = 0;
		};
		F2111B7F205FFDE30032E6E7 /* Sources */ = {
			isa = PBXSourcesBuildPhase;
			buildActionMask = 2147483647;
			files = (
				F2111B88205FFDE30032E6E7 /* HLPhotosManagerTests.swift in Sources */,
			);
			runOnlyForDeploymentPostprocessing = 0;
		};
/* End PBXSourcesBuildPhase section */

/* Begin PBXTargetDependency section */
		F2111B85205FFDE30032E6E7 /* PBXTargetDependency */ = {
			isa = PBXTargetDependency;
			target = F2111B6E205FFDE30032E6E7 /* HLPhotosManager */;
			targetProxy = F2111B84205FFDE30032E6E7 /* PBXContainerItemProxy */;
		};
/* End PBXTargetDependency section */

/* Begin PBXVariantGroup section */
		F2111B76205FFDE30032E6E7 /* Main.storyboard */ = {
			isa = PBXVariantGroup;
			children = (
				F2111B77205FFDE30032E6E7 /* Base */,
			);
			name = Main.storyboard;
			sourceTree = "<group>";
		};
		F2111B7B205FFDE30032E6E7 /* LaunchScreen.storyboard */ = {
			isa = PBXVariantGroup;
			children = (
				F2111B7C205FFDE30032E6E7 /* Base */,
			);
			name = LaunchScreen.storyboard;
			sourceTree = "<group>";
		};
/* End PBXVariantGroup section */

/* Begin XCBuildConfiguration section */
		F2111B8A205FFDE30032E6E7 /* Debug */ = {
			isa = XCBuildConfiguration;
			buildSettings = {
				ALWAYS_SEARCH_USER_PATHS = NO;
				CLANG_ANALYZER_NONNULL = YES;
				CLANG_ANALYZER_NUMBER_OBJECT_CONVERSION = YES_AGGRESSIVE;
				CLANG_CXX_LANGUAGE_STANDARD = "gnu++14";
				CLANG_CXX_LIBRARY = "libc++";
				CLANG_ENABLE_MODULES = YES;
				CLANG_ENABLE_OBJC_ARC = YES;
				CLANG_WARN_BLOCK_CAPTURE_AUTORELEASING = YES;
				CLANG_WARN_BOOL_CONVERSION = YES;
				CLANG_WARN_COMMA = YES;
				CLANG_WARN_CONSTANT_CONVERSION = YES;
				CLANG_WARN_DIRECT_OBJC_ISA_USAGE = YES_ERROR;
				CLANG_WARN_DOCUMENTATION_COMMENTS = YES;
				CLANG_WARN_EMPTY_BODY = YES;
				CLANG_WARN_ENUM_CONVERSION = YES;
				CLANG_WARN_INFINITE_RECURSION = YES;
				CLANG_WARN_INT_CONVERSION = YES;
				CLANG_WARN_NON_LITERAL_NULL_CONVERSION = YES;
				CLANG_WARN_OBJC_LITERAL_CONVERSION = YES;
				CLANG_WARN_OBJC_ROOT_CLASS = YES_ERROR;
				CLANG_WARN_RANGE_LOOP_ANALYSIS = YES;
				CLANG_WARN_STRICT_PROTOTYPES = YES;
				CLANG_WARN_SUSPICIOUS_MOVE = YES;
				CLANG_WARN_UNGUARDED_AVAILABILITY = YES_AGGRESSIVE;
				CLANG_WARN_UNREACHABLE_CODE = YES;
				CLANG_WARN__DUPLICATE_METHOD_MATCH = YES;
				CODE_SIGN_IDENTITY = "iPhone Developer";
				COPY_PHASE_STRIP = NO;
				DEBUG_INFORMATION_FORMAT = dwarf;
				ENABLE_STRICT_OBJC_MSGSEND = YES;
				ENABLE_TESTABILITY = YES;
				GCC_C_LANGUAGE_STANDARD = gnu11;
				GCC_DYNAMIC_NO_PIC = NO;
				GCC_NO_COMMON_BLOCKS = YES;
				GCC_OPTIMIZATION_LEVEL = 0;
				GCC_PREPROCESSOR_DEFINITIONS = (
					"DEBUG=1",
					"$(inherited)",
				);
				GCC_WARN_64_TO_32_BIT_CONVERSION = YES;
				GCC_WARN_ABOUT_RETURN_TYPE = YES_ERROR;
				GCC_WARN_UNDECLARED_SELECTOR = YES;
				GCC_WARN_UNINITIALIZED_AUTOS = YES_AGGRESSIVE;
				GCC_WARN_UNUSED_FUNCTION = YES;
				GCC_WARN_UNUSED_VARIABLE = YES;
				IPHONEOS_DEPLOYMENT_TARGET = 11.2;
				MTL_ENABLE_DEBUG_INFO = YES;
				ONLY_ACTIVE_ARCH = YES;
				SDKROOT = iphoneos;
				SWIFT_ACTIVE_COMPILATION_CONDITIONS = DEBUG;
				SWIFT_OPTIMIZATION_LEVEL = "-Onone";
			};
			name = Debug;
		};
		F2111B8B205FFDE30032E6E7 /* Release */ = {
			isa = XCBuildConfiguration;
			buildSettings = {
				ALWAYS_SEARCH_USER_PATHS = NO;
				CLANG_ANALYZER_NONNULL = YES;
				CLANG_ANALYZER_NUMBER_OBJECT_CONVERSION = YES_AGGRESSIVE;
				CLANG_CXX_LANGUAGE_STANDARD = "gnu++14";
				CLANG_CXX_LIBRARY = "libc++";
				CLANG_ENABLE_MODULES = YES;
				CLANG_ENABLE_OBJC_ARC = YES;
				CLANG_WARN_BLOCK_CAPTURE_AUTORELEASING = YES;
				CLANG_WARN_BOOL_CONVERSION = YES;
				CLANG_WARN_COMMA = YES;
				CLANG_WARN_CONSTANT_CONVERSION = YES;
				CLANG_WARN_DIRECT_OBJC_ISA_USAGE = YES_ERROR;
				CLANG_WARN_DOCUMENTATION_COMMENTS = YES;
				CLANG_WARN_EMPTY_BODY = YES;
				CLANG_WARN_ENUM_CONVERSION = YES;
				CLANG_WARN_INFINITE_RECURSION = YES;
				CLANG_WARN_INT_CONVERSION = YES;
				CLANG_WARN_NON_LITERAL_NULL_CONVERSION = YES;
				CLANG_WARN_OBJC_LITERAL_CONVERSION = YES;
				CLANG_WARN_OBJC_ROOT_CLASS = YES_ERROR;
				CLANG_WARN_RANGE_LOOP_ANALYSIS = YES;
				CLANG_WARN_STRICT_PROTOTYPES = YES;
				CLANG_WARN_SUSPICIOUS_MOVE = YES;
				CLANG_WARN_UNGUARDED_AVAILABILITY = YES_AGGRESSIVE;
				CLANG_WARN_UNREACHABLE_CODE = YES;
				CLANG_WARN__DUPLICATE_METHOD_MATCH = YES;
				CODE_SIGN_IDENTITY = "iPhone Developer";
				COPY_PHASE_STRIP = NO;
				DEBUG_INFORMATION_FORMAT = "dwarf-with-dsym";
				ENABLE_NS_ASSERTIONS = NO;
				ENABLE_STRICT_OBJC_MSGSEND = YES;
				GCC_C_LANGUAGE_STANDARD = gnu11;
				GCC_NO_COMMON_BLOCKS = YES;
				GCC_WARN_64_TO_32_BIT_CONVERSION = YES;
				GCC_WARN_ABOUT_RETURN_TYPE = YES_ERROR;
				GCC_WARN_UNDECLARED_SELECTOR = YES;
				GCC_WARN_UNINITIALIZED_AUTOS = YES_AGGRESSIVE;
				GCC_WARN_UNUSED_FUNCTION = YES;
				GCC_WARN_UNUSED_VARIABLE = YES;
				IPHONEOS_DEPLOYMENT_TARGET = 11.2;
				MTL_ENABLE_DEBUG_INFO = NO;
				SDKROOT = iphoneos;
				SWIFT_OPTIMIZATION_LEVEL = "-Owholemodule";
				VALIDATE_PRODUCT = YES;
			};
			name = Release;
		};
		F2111B8D205FFDE30032E6E7 /* Debug */ = {
			isa = XCBuildConfiguration;
			baseConfigurationReference = CC52D1A8C774ADCA02FFEF12 /* Pods-HLPhotosManager.debug.xcconfig */;
			buildSettings = {
				ASSETCATALOG_COMPILER_APPICON_NAME = AppIcon;
				CODE_SIGN_STYLE = Automatic;
				DEVELOPMENT_TEAM = UTT4HQ4F3H;
				INFOPLIST_FILE = HLPhotosManager/Info.plist;
				IPHONEOS_DEPLOYMENT_TARGET = 9.1;
				LD_RUNPATH_SEARCH_PATHS = "$(inherited) @executable_path/Frameworks";
				PRODUCT_BUNDLE_IDENTIFIER = com.lhl.HLPhotosManager;
				PRODUCT_NAME = "$(TARGET_NAME)";
				SWIFT_VERSION = 4.0;
				TARGETED_DEVICE_FAMILY = "1,2";
			};
			name = Debug;
		};
		F2111B8E205FFDE30032E6E7 /* Release */ = {
			isa = XCBuildConfiguration;
			baseConfigurationReference = 1F31AA2058148EA24B051EDC /* Pods-HLPhotosManager.release.xcconfig */;
			buildSettings = {
				ASSETCATALOG_COMPILER_APPICON_NAME = AppIcon;
				CODE_SIGN_STYLE = Automatic;
				DEVELOPMENT_TEAM = UTT4HQ4F3H;
				INFOPLIST_FILE = HLPhotosManager/Info.plist;
				IPHONEOS_DEPLOYMENT_TARGET = 9.1;
				LD_RUNPATH_SEARCH_PATHS = "$(inherited) @executable_path/Frameworks";
				PRODUCT_BUNDLE_IDENTIFIER = com.lhl.HLPhotosManager;
				PRODUCT_NAME = "$(TARGET_NAME)";
				SWIFT_VERSION = 4.0;
				TARGETED_DEVICE_FAMILY = "1,2";
			};
			name = Release;
		};
		F2111B90205FFDE30032E6E7 /* Debug */ = {
			isa = XCBuildConfiguration;
			buildSettings = {
				ALWAYS_EMBED_SWIFT_STANDARD_LIBRARIES = YES;
				BUNDLE_LOADER = "$(TEST_HOST)";
				CODE_SIGN_STYLE = Automatic;
				DEVELOPMENT_TEAM = UTT4HQ4F3H;
				INFOPLIST_FILE = HLPhotosManagerTests/Info.plist;
				LD_RUNPATH_SEARCH_PATHS = "$(inherited) @executable_path/Frameworks @loader_path/Frameworks";
				PRODUCT_BUNDLE_IDENTIFIER = com.lhl.HLPhotosManagerTests;
				PRODUCT_NAME = "$(TARGET_NAME)";
				SWIFT_VERSION = 4.0;
				TARGETED_DEVICE_FAMILY = "1,2";
				TEST_HOST = "$(BUILT_PRODUCTS_DIR)/HLPhotosManager.app/HLPhotosManager";
			};
			name = Debug;
		};
		F2111B91205FFDE30032E6E7 /* Release */ = {
			isa = XCBuildConfiguration;
			buildSettings = {
				ALWAYS_EMBED_SWIFT_STANDARD_LIBRARIES = YES;
				BUNDLE_LOADER = "$(TEST_HOST)";
				CODE_SIGN_STYLE = Automatic;
				DEVELOPMENT_TEAM = UTT4HQ4F3H;
				INFOPLIST_FILE = HLPhotosManagerTests/Info.plist;
				LD_RUNPATH_SEARCH_PATHS = "$(inherited) @executable_path/Frameworks @loader_path/Frameworks";
				PRODUCT_BUNDLE_IDENTIFIER = com.lhl.HLPhotosManagerTests;
				PRODUCT_NAME = "$(TARGET_NAME)";
				SWIFT_VERSION = 4.0;
				TARGETED_DEVICE_FAMILY = "1,2";
				TEST_HOST = "$(BUILT_PRODUCTS_DIR)/HLPhotosManager.app/HLPhotosManager";
			};
			name = Release;
		};
/* End XCBuildConfiguration section */

/* Begin XCConfigurationList section */
		F2111B6A205FFDE30032E6E7 /* Build configuration list for PBXProject "HLPhotosManager" */ = {
			isa = XCConfigurationList;
			buildConfigurations = (
				F2111B8A205FFDE30032E6E7 /* Debug */,
				F2111B8B205FFDE30032E6E7 /* Release */,
			);
			defaultConfigurationIsVisible = 0;
			defaultConfigurationName = Release;
		};
		F2111B8C205FFDE30032E6E7 /* Build configuration list for PBXNativeTarget "HLPhotosManager" */ = {
			isa = XCConfigurationList;
			buildConfigurations = (
				F2111B8D205FFDE30032E6E7 /* Debug */,
				F2111B8E205FFDE30032E6E7 /* Release */,
			);
			defaultConfigurationIsVisible = 0;
			defaultConfigurationName = Release;
		};
		F2111B8F205FFDE30032E6E7 /* Build configuration list for PBXNativeTarget "HLPhotosManagerTests" */ = {
			isa = XCConfigurationList;
			buildConfigurations = (
				F2111B90205FFDE30032E6E7 /* Debug */,
				F2111B91205FFDE30032E6E7 /* Release */,
			);
			defaultConfigurationIsVisible = 0;
			defaultConfigurationName = Release;
		};
/* End XCConfigurationList section */
	};
	rootObject = F2111B67205FFDE30032E6E7 /* Project object */;
}
